# THIS IS AN AUTOGENERATED FILE. DO NOT EDIT THIS FILE DIRECTLY.
# yarn lockfile v1


chevrotain@6.5.0:
  version "6.5.0"
  resolved "https://registry.yarnpkg.com/chevrotain/-/chevrotain-6.5.0.tgz#dcbef415516b0af80fd423cc0d96b28d3f11374e"
  integrity sha512-BwqQ/AgmKJ8jcMEjaSnfMybnKMgGTrtDKowfTP3pX4jwVy0kNjRsT/AP6h+wC3+3NC+X8X15VWBnTCQlX+wQFg==
  dependencies:
    regexp-to-ast "0.4.0"

colors@~0.6.0-1:
  version "0.6.2"
  resolved "https://registry.yarnpkg.com/colors/-/colors-0.6.2.tgz#2423fe6678ac0c5dae8852e5d0e5be08c997abcc"
  integrity sha1-JCP+ZnisDF2uiFLl0OW+CMmXq8w=

commander@2.9.0:
  version "2.9.0"
  resolved "https://registry.yarnpkg.com/commander/-/commander-2.9.0.tgz#9c99094176e12240cb22d6c5146098400fe0f7d4"
  integrity sha1-nJkJQXbhIkDLItbFFGCYQA/g99Q=
  dependencies:
    graceful-readlink ">= 1.0.0"

commander@~2.1.0:
  version "2.1.0"
  resolved "https://registry.yarnpkg.com/commander/-/commander-2.1.0.tgz#d121bbae860d9992a3d517ba96f56588e47c6781"
  integrity sha1-0SG7roYNmZKj1Re6lvVliOR8Z4E=

findup@0.1.5:
  version "0.1.5"
  resolved "https://registry.yarnpkg.com/findup/-/findup-0.1.5.tgz#8ad929a3393bac627957a7e5de4623b06b0e2ceb"
  integrity sha1-itkpozk7rGJ5V6fl3kYjsGsOLOs=
  dependencies:
    colors "~0.6.0-1"
    commander "~2.1.0"

ghooks@^2.0.4:
  version "2.0.4"
  resolved "https://registry.yarnpkg.com/ghooks/-/ghooks-2.0.4.tgz#fd50e040ff548906ae42cb51793a01bfe24567b9"
  integrity sha1-/VDgQP9UiQauQstReToBv+JFZ7k=
  dependencies:
    findup "0.1.5"
    lodash.clone "4.5.0"
    manage-path "2.0.0"
    opt-cli "1.5.1"
    path-exists "3.0.0"
    spawn-command "0.0.2"

"graceful-readlink@>= 1.0.0":
  version "1.0.1"
  resolved "https://registry.yarnpkg.com/graceful-readlink/-/graceful-readlink-1.0.1.tgz#4cafad76bc62f02fa039b2f94e9a3dd3a391a725"
  integrity sha1-TK+tdrxi8C+gObL5Tpo906ORpyU=

java-parser@1.0.2:
  version "1.0.2"
  resolved "https://registry.yarnpkg.com/java-parser/-/java-parser-1.0.2.tgz#c466dcdb022f49474a5f124a5c8a282c8a1b9663"
  integrity sha512-lBXc+F62ds2W83eH5MwGnzuWdb6kgGBV0x0R7w0B4JKGDrJzolMUEhRMzzzlIX68HvRU7XtfPon22YaB+dVg+A==
  dependencies:
    chevrotain "6.5.0"
    lodash "4.17.21"

lodash._baseclone@~4.5.0:
  version "4.5.7"
  resolved "https://registry.yarnpkg.com/lodash._baseclone/-/lodash._baseclone-4.5.7.tgz#ce42ade08384ef5d62fa77c30f61a46e686f8434"
  integrity sha1-zkKt4IOE711i+nfDD2GkbmhvhDQ=

lodash.clone@4.3.2:
  version "4.3.2"
  resolved "https://registry.yarnpkg.com/lodash.clone/-/lodash.clone-4.3.2.tgz#e56b176b6823a7dde38f7f2bf58de7d5971200e9"
  integrity sha1-5WsXa2gjp93jj38r9Y3n1ZcSAOk=
  dependencies:
    lodash._baseclone "~4.5.0"

lodash.clone@4.5.0:
  version "4.5.0"
  resolved "https://registry.yarnpkg.com/lodash.clone/-/lodash.clone-4.5.0.tgz#195870450f5a13192478df4bc3d23d2dea1907b6"
  integrity sha1-GVhwRQ9aExkkeN9Lw9I9LeoZB7Y=

lodash@4.17.21:
  version "4.17.21"
  resolved "https://registry.yarnpkg.com/lodash/-/lodash-4.17.21.tgz#679591c564c3bffaae8454cf0b3df370c3d6911c"
  integrity sha512-v2kDEe57lecTulaDIuNTPy3Ry4gLGJ6Z1O3vE1krgXZNrsQ+LFTGHVxVjcXPs17LhbZVGedAJv8XZ1tvj5FvSg==

manage-path@2.0.0:
  version "2.0.0"
  resolved "https://registry.yarnpkg.com/manage-path/-/manage-path-2.0.0.tgz#f4cf8457b926eeee2a83b173501414bc76eb9597"
  integrity sha1-9M+EV7km7u4qg7FzUBQUvHbrlZc=

opt-cli@1.5.1:
  version "1.5.1"
  resolved "https://registry.yarnpkg.com/opt-cli/-/opt-cli-1.5.1.tgz#04db447b13c96b992eb31685266f4ed0d9736dc2"
  integrity sha1-BNtEexPJa5kusxaFJm9O0NlzbcI=
  dependencies:
    commander "2.9.0"
    lodash.clone "4.3.2"
    manage-path "2.0.0"
    spawn-command "0.0.2-1"

path-exists@3.0.0:
  version "3.0.0"
  resolved "https://registry.yarnpkg.com/path-exists/-/path-exists-3.0.0.tgz#ce0ebeaa5f78cb18925ea7d810d7b59b010fd515"
  integrity sha1-zg6+ql94yxiSXqfYENe1mwEP1RU=

prettier-plugin-java@^1.0.2:
  version "1.0.2"
  resolved "https://registry.yarnpkg.com/prettier-plugin-java/-/prettier-plugin-java-1.0.2.tgz#2833529708a47d4a69ce236546df20a84cde4344"
  integrity sha512-YgcN1WGZlrH0E+bHdqtIYtfDp6k2PHBnIaGjzdff/7t/NyDWAA6ypAmnD7YQVG2OuoIaXYkC37HN7cz68lLWLg==
  dependencies:
    java-parser "1.0.2"
    lodash "4.17.21"
    prettier "2.2.1"

prettier@2.2.1, prettier@^2.2.1:
  version "2.2.1"
  resolved "https://registry.yarnpkg.com/prettier/-/prettier-2.2.1.tgz#795a1a78dd52f073da0cd42b21f9c91381923ff5"
  integrity sha512-PqyhM2yCjg/oKkFPtTGUojv7gnZAoG80ttl45O6x2Ug/rMJw4wcc9k6aaf2hibP7BGVCCM33gZoGjyvt9mm16Q==

regexp-to-ast@0.4.0:
  version "0.4.0"
  resolved "https://registry.yarnpkg.com/regexp-to-ast/-/regexp-to-ast-0.4.0.tgz#f3dbcb42726cd71902ba50193f63eab5325cd7cb"
  integrity sha512-4qf/7IsIKfSNHQXSwial1IFmfM1Cc/whNBQqRwe0V2stPe7KmN1U0tWQiIx6JiirgSrisjE0eECdNf7Tav1Ntw==

spawn-command@0.0.2:
  version "0.0.2"
  resolved "https://registry.yarnpkg.com/spawn-command/-/spawn-command-0.0.2.tgz#9544e1a43ca045f8531aac1a48cb29bdae62338e"
  integrity sha1-lUThpDygRfhTGqwaSMspva5iM44=

spawn-command@0.0.2-1:
  version "0.0.2-1"
  resolved "https://registry.yarnpkg.com/spawn-command/-/spawn-command-0.0.2-1.tgz#62f5e9466981c1b796dc5929937e11c9c6921bd0"
  integrity sha1-YvXpRmmBwbeW3Fkpk34RycaSG9A=
